// !$*UTF8*$!
{
	archiveVersion = 1;
	classes = {
	};
	objectVersion = 46;
	objects = {

/* Begin PBXBuildFile section */
		45ADAF901940F33E00D0FA43 /* Foundation.framework in Frameworks */ = {isa = PBXBuildFile; fileRef = 45ADAF8F1940F33E00D0FA43 /* Foundation.framework */; };
		45ADAF921940F33E00D0FA43 /* CoreGraphics.framework in Frameworks */ = {isa = PBXBuildFile; fileRef = 45ADAF911940F33E00D0FA43 /* CoreGraphics.framework */; };
		45ADAF941940F33E00D0FA43 /* UIKit.framework in Frameworks */ = {isa = PBXBuildFile; fileRef = 45ADAF931940F33E00D0FA43 /* UIKit.framework */; };
		45ADAF961940F33E00D0FA43 /* CoreData.framework in Frameworks */ = {isa = PBXBuildFile; fileRef = 45ADAF951940F33E00D0FA43 /* CoreData.framework */; };
		45ADAF9C1940F33E00D0FA43 /* InfoPlist.strings in Resources */ = {isa = PBXBuildFile; fileRef = 45ADAF9A1940F33E00D0FA43 /* InfoPlist.strings */; };
		45ADAF9E1940F33E00D0FA43 /* main.m in Sources */ = {isa = PBXBuildFile; fileRef = 45ADAF9D1940F33E00D0FA43 /* main.m */; };
		45ADAFA21940F33E00D0FA43 /* AppDelegate.m in Sources */ = {isa = PBXBuildFile; fileRef = 45ADAFA11940F33E00D0FA43 /* AppDelegate.m */; };
		45ADAFA51940F33E00D0FA43 /* Main.storyboard in Resources */ = {isa = PBXBuildFile; fileRef = 45ADAFA31940F33E00D0FA43 /* Main.storyboard */; };
		45ADAFA81940F33E00D0FA43 /* Peek_a_Boo.xcdatamodeld in Sources */ = {isa = PBXBuildFile; fileRef = 45ADAFA61940F33E00D0FA43 /* Peek_a_Boo.xcdatamodeld */; };
		45ADAFAB1940F33E00D0FA43 /* MasterViewController.m in Sources */ = {isa = PBXBuildFile; fileRef = 45ADAFAA1940F33E00D0FA43 /* MasterViewController.m */; };
		45ADAFB01940F33E00D0FA43 /* Images.xcassets in Resources */ = {isa = PBXBuildFile; fileRef = 45ADAFAF1940F33E00D0FA43 /* Images.xcassets */; };
		45ADAFB71940F33E00D0FA43 /* XCTest.framework in Frameworks */ = {isa = PBXBuildFile; fileRef = 45ADAFB61940F33E00D0FA43 /* XCTest.framework */; };
		45ADAFB81940F33E00D0FA43 /* Foundation.framework in Frameworks */ = {isa = PBXBuildFile; fileRef = 45ADAF8F1940F33E00D0FA43 /* Foundation.framework */; };
		45ADAFB91940F33E00D0FA43 /* UIKit.framework in Frameworks */ = {isa = PBXBuildFile; fileRef = 45ADAF931940F33E00D0FA43 /* UIKit.framework */; };
		45ADAFBA1940F33E00D0FA43 /* CoreData.framework in Frameworks */ = {isa = PBXBuildFile; fileRef = 45ADAF951940F33E00D0FA43 /* CoreData.framework */; };
		45ADAFC21940F33E00D0FA43 /* InfoPlist.strings in Resources */ = {isa = PBXBuildFile; fileRef = 45ADAFC01940F33E00D0FA43 /* InfoPlist.strings */; };
		45ADAFC41940F33E00D0FA43 /* Peek_a_BooTests.m in Sources */ = {isa = PBXBuildFile; fileRef = 45ADAFC31940F33E00D0FA43 /* Peek_a_BooTests.m */; };
		45ADAFD21940F56B00D0FA43 /* ImageCollectionViewCell.m in Sources */ = {isa = PBXBuildFile; fileRef = 45ADAFD11940F56B00D0FA43 /* ImageCollectionViewCell.m */; };
		45ADAFD51940F73F00D0FA43 /* AddUserViewController.m in Sources */ = {isa = PBXBuildFile; fileRef = 45ADAFD41940F73F00D0FA43 /* AddUserViewController.m */; };
		45ADAFD81940FA9300D0FA43 /* User.m in Sources */ = {isa = PBXBuildFile; fileRef = 45ADAFD71940FA9300D0FA43 /* User.m */; };
/* End PBXBuildFile section */

/* Begin PBXContainerItemProxy section */
		45ADAFBB1940F33E00D0FA43 /* PBXContainerItemProxy */ = {
			isa = PBXContainerItemProxy;
			containerPortal = 45ADAF841940F33E00D0FA43 /* Project object */;
			proxyType = 1;
			remoteGlobalIDString = 45ADAF8B1940F33E00D0FA43;
			remoteInfo = "Peek-a-Boo";
		};
/* End PBXContainerItemProxy section */

/* Begin PBXFileReference section */
		45ADAF8C1940F33E00D0FA43 /* Peek-a-Boo.app */ = {isa = PBXFileReference; explicitFileType = wrapper.application; includeInIndex = 0; path = "Peek-a-Boo.app"; sourceTree = BUILT_PRODUCTS_DIR; };
		45ADAF8F1940F33E00D0FA43 /* Foundation.framework */ = {isa = PBXFileReference; lastKnownFileType = wrapper.framework; name = Foundation.framework; path = System/Library/Frameworks/Foundation.framework; sourceTree = SDKROOT; };
		45ADAF911940F33E00D0FA43 /* CoreGraphics.framework */ = {isa = PBXFileReference; lastKnownFileType = wrapper.framework; name = CoreGraphics.framework; path = System/Library/Frameworks/CoreGraphics.framework; sourceTree = SDKROOT; };
		45ADAF931940F33E00D0FA43 /* UIKit.framework */ = {isa = PBXFileReference; lastKnownFileType = wrapper.framework; name = UIKit.framework; path = System/Library/Frameworks/UIKit.framework; sourceTree = SDKROOT; };
		45ADAF951940F33E00D0FA43 /* CoreData.framework */ = {isa = PBXFileReference; lastKnownFileType = wrapper.framework; name = CoreData.framework; path = System/Library/Frameworks/CoreData.framework; sourceTree = SDKROOT; };
		45ADAF991940F33E00D0FA43 /* Peek-a-Boo-Info.plist */ = {isa = PBXFileReference; lastKnownFileType = text.plist.xml; path = "Peek-a-Boo-Info.plist"; sourceTree = "<group>"; };
		45ADAF9B1940F33E00D0FA43 /* en */ = {isa = PBXFileReference; lastKnownFileType = text.plist.strings; name = en; path = en.lproj/InfoPlist.strings; sourceTree = "<group>"; };
		45ADAF9D1940F33E00D0FA43 /* main.m */ = {isa = PBXFileReference; lastKnownFileType = sourcecode.c.objc; path = main.m; sourceTree = "<group>"; };
		45ADAF9F1940F33E00D0FA43 /* Peek-a-Boo-Prefix.pch */ = {isa = PBXFileReference; lastKnownFileType = sourcecode.c.h; path = "Peek-a-Boo-Prefix.pch"; sourceTree = "<group>"; };
		45ADAFA01940F33E00D0FA43 /* AppDelegate.h */ = {isa = PBXFileReference; lastKnownFileType = sourcecode.c.h; path = AppDelegate.h; sourceTree = "<group>"; };
		45ADAFA11940F33E00D0FA43 /* AppDelegate.m */ = {isa = PBXFileReference; lastKnownFileType = sourcecode.c.objc; path = AppDelegate.m; sourceTree = "<group>"; };
		45ADAFA41940F33E00D0FA43 /* Base */ = {isa = PBXFileReference; lastKnownFileType = file.storyboard; name = Base; path = Base.lproj/Main.storyboard; sourceTree = "<group>"; };
		45ADAFA71940F33E00D0FA43 /* Peek_a_Boo.xcdatamodel */ = {isa = PBXFileReference; lastKnownFileType = wrapper.xcdatamodel; path = Peek_a_Boo.xcdatamodel; sourceTree = "<group>"; };
		45ADAFA91940F33E00D0FA43 /* MasterViewController.h */ = {isa = PBXFileReference; lastKnownFileType = sourcecode.c.h; path = MasterViewController.h; sourceTree = "<group>"; };
		45ADAFAA1940F33E00D0FA43 /* MasterViewController.m */ = {isa = PBXFileReference; lastKnownFileType = sourcecode.c.objc; path = MasterViewController.m; sourceTree = "<group>"; };
		45ADAFAF1940F33E00D0FA43 /* Images.xcassets */ = {isa = PBXFileReference; lastKnownFileType = folder.assetcatalog; path = Images.xcassets; sourceTree = "<group>"; };
		45ADAFB51940F33E00D0FA43 /* Peek-a-BooTests.xctest */ = {isa = PBXFileReference; explicitFileType = wrapper.cfbundle; includeInIndex = 0; path = "Peek-a-BooTests.xctest"; sourceTree = BUILT_PRODUCTS_DIR; };
		45ADAFB61940F33E00D0FA43 /* XCTest.framework */ = {isa = PBXFileReference; lastKnownFileType = wrapper.framework; name = XCTest.framework; path = Library/Frameworks/XCTest.framework; sourceTree = DEVELOPER_DIR; };
		45ADAFBF1940F33E00D0FA43 /* Peek-a-BooTests-Info.plist */ = {isa = PBXFileReference; lastKnownFileType = text.plist.xml; path = "Peek-a-BooTests-Info.plist"; sourceTree = "<group>"; };
		45ADAFC11940F33E00D0FA43 /* en */ = {isa = PBXFileReference; lastKnownFileType = text.plist.strings; name = en; path = en.lproj/InfoPlist.strings; sourceTree = "<group>"; };
		45ADAFC31940F33E00D0FA43 /* Peek_a_BooTests.m */ = {isa = PBXFileReference; lastKnownFileType = sourcecode.c.objc; path = Peek_a_BooTests.m; sourceTree = "<group>"; };
		45ADAFD01940F56B00D0FA43 /* ImageCollectionViewCell.h */ = {isa = PBXFileReference; fileEncoding = 4; lastKnownFileType = sourcecode.c.h; name = ImageCollectionViewCell.h; path = ../ImageCollectionViewCell.h; sourceTree = "<group>"; };
		45ADAFD11940F56B00D0FA43 /* ImageCollectionViewCell.m */ = {isa = PBXFileReference; fileEncoding = 4; lastKnownFileType = sourcecode.c.objc; name = ImageCollectionViewCell.m; path = ../ImageCollectionViewCell.m; sourceTree = "<group>"; };
		45ADAFD31940F73F00D0FA43 /* AddUserViewController.h */ = {isa = PBXFileReference; fileEncoding = 4; lastKnownFileType = sourcecode.c.h; path = AddUserViewController.h; sourceTree = "<group>"; };
		45ADAFD41940F73F00D0FA43 /* AddUserViewController.m */ = {isa = PBXFileReference; fileEncoding = 4; lastKnownFileType = sourcecode.c.objc; path = AddUserViewController.m; sourceTree = "<group>"; };
		45ADAFD61940FA9300D0FA43 /* User.h */ = {isa = PBXFileReference; fileEncoding = 4; lastKnownFileType = sourcecode.c.h; name = User.h; path = ../User.h; sourceTree = "<group>"; };
		45ADAFD71940FA9300D0FA43 /* User.m */ = {isa = PBXFileReference; fileEncoding = 4; lastKnownFileType = sourcecode.c.objc; name = User.m; path = ../User.m; sourceTree = "<group>"; };
/* End PBXFileReference section */

/* Begin PBXFrameworksBuildPhase section */
		45ADAF891940F33E00D0FA43 /* Frameworks */ = {
			isa = PBXFrameworksBuildPhase;
			buildActionMask = 2147483647;
			files = (
				45ADAF921940F33E00D0FA43 /* CoreGraphics.framework in Frameworks */,
				45ADAF961940F33E00D0FA43 /* CoreData.framework in Frameworks */,
				45ADAF941940F33E00D0FA43 /* UIKit.framework in Frameworks */,
				45ADAF901940F33E00D0FA43 /* Foundation.framework in Frameworks */,
			);
			runOnlyForDeploymentPostprocessing = 0;
		};
		45ADAFB21940F33E00D0FA43 /* Frameworks */ = {
			isa = PBXFrameworksBuildPhase;
			buildActionMask = 2147483647;
			files = (
				45ADAFB71940F33E00D0FA43 /* XCTest.framework in Frameworks */,
				45ADAFBA1940F33E00D0FA43 /* CoreData.framework in Frameworks */,
				45ADAFB91940F33E00D0FA43 /* UIKit.framework in Frameworks */,
				45ADAFB81940F33E00D0FA43 /* Foundation.framework in Frameworks */,
			);
			runOnlyForDeploymentPostprocessing = 0;
		};
/* End PBXFrameworksBuildPhase section */

/* Begin PBXGroup section */
		45ADAF831940F33E00D0FA43 = {
			isa = PBXGroup;
			children = (
				45ADAF971940F33E00D0FA43 /* Peek-a-Boo */,
				45ADAFBD1940F33E00D0FA43 /* Peek-a-BooTests */,
				45ADAF8E1940F33E00D0FA43 /* Frameworks */,
				45ADAF8D1940F33E00D0FA43 /* Products */,
			);
			sourceTree = "<group>";
		};
		45ADAF8D1940F33E00D0FA43 /* Products */ = {
			isa = PBXGroup;
			children = (
				45ADAF8C1940F33E00D0FA43 /* Peek-a-Boo.app */,
				45ADAFB51940F33E00D0FA43 /* Peek-a-BooTests.xctest */,
			);
			name = Products;
			sourceTree = "<group>";
		};
		45ADAF8E1940F33E00D0FA43 /* Frameworks */ = {
			isa = PBXGroup;
			children = (
				45ADAF8F1940F33E00D0FA43 /* Foundation.framework */,
				45ADAF911940F33E00D0FA43 /* CoreGraphics.framework */,
				45ADAF931940F33E00D0FA43 /* UIKit.framework */,
				45ADAF951940F33E00D0FA43 /* CoreData.framework */,
				45ADAFB61940F33E00D0FA43 /* XCTest.framework */,
			);
			name = Frameworks;
			sourceTree = "<group>";
		};
		45ADAF971940F33E00D0FA43 /* Peek-a-Boo */ = {
			isa = PBXGroup;
			children = (
				45ADAFD01940F56B00D0FA43 /* ImageCollectionViewCell.h */,
				45ADAFD11940F56B00D0FA43 /* ImageCollectionViewCell.m */,
				45ADAFA01940F33E00D0FA43 /* AppDelegate.h */,
				45ADAFA11940F33E00D0FA43 /* AppDelegate.m */,
				45ADAFA31940F33E00D0FA43 /* Main.storyboard */,
				45ADAFA91940F33E00D0FA43 /* MasterViewController.h */,
				45ADAFAA1940F33E00D0FA43 /* MasterViewController.m */,
				45ADAFAF1940F33E00D0FA43 /* Images.xcassets */,
				45ADAFA61940F33E00D0FA43 /* Peek_a_Boo.xcdatamodeld */,
				45ADAF981940F33E00D0FA43 /* Supporting Files */,
				45ADAFD31940F73F00D0FA43 /* AddUserViewController.h */,
				45ADAFD41940F73F00D0FA43 /* AddUserViewController.m */,
				45ADAFD61940FA9300D0FA43 /* User.h */,
				45ADAFD71940FA9300D0FA43 /* User.m */,
			);
			path = "Peek-a-Boo";
			sourceTree = "<group>";
		};
		45ADAF981940F33E00D0FA43 /* Supporting Files */ = {
			isa = PBXGroup;
			children = (
				45ADAF991940F33E00D0FA43 /* Peek-a-Boo-Info.plist */,
				45ADAF9A1940F33E00D0FA43 /* InfoPlist.strings */,
				45ADAF9D1940F33E00D0FA43 /* main.m */,
				45ADAF9F1940F33E00D0FA43 /* Peek-a-Boo-Prefix.pch */,
			);
			name = "Supporting Files";
			sourceTree = "<group>";
		};
		45ADAFBD1940F33E00D0FA43 /* Peek-a-BooTests */ = {
			isa = PBXGroup;
			children = (
				45ADAFC31940F33E00D0FA43 /* Peek_a_BooTests.m */,
				45ADAFBE1940F33E00D0FA43 /* Supporting Files */,
			);
			path = "Peek-a-BooTests";
			sourceTree = "<group>";
		};
		45ADAFBE1940F33E00D0FA43 /* Supporting Files */ = {
			isa = PBXGroup;
			children = (
				45ADAFBF1940F33E00D0FA43 /* Peek-a-BooTests-Info.plist */,
				45ADAFC01940F33E00D0FA43 /* InfoPlist.strings */,
			);
			name = "Supporting Files";
			sourceTree = "<group>";
		};
/* End PBXGroup section */

/* Begin PBXNativeTarget section */
		45ADAF8B1940F33E00D0FA43 /* Peek-a-Boo */ = {
			isa = PBXNativeTarget;
			buildConfigurationList = 45ADAFC71940F33E00D0FA43 /* Build configuration list for PBXNativeTarget "Peek-a-Boo" */;
			buildPhases = (
				45ADAF881940F33E00D0FA43 /* Sources */,
				45ADAF891940F33E00D0FA43 /* Frameworks */,
				45ADAF8A1940F33E00D0FA43 /* Resources */,
			);
			buildRules = (
			);
			dependencies = (
			);
			name = "Peek-a-Boo";
			productName = "Peek-a-Boo";
			productReference = 45ADAF8C1940F33E00D0FA43 /* Peek-a-Boo.app */;
			productType = "com.apple.product-type.application";
		};
		45ADAFB41940F33E00D0FA43 /* Peek-a-BooTests */ = {
			isa = PBXNativeTarget;
			buildConfigurationList = 45ADAFCA1940F33E00D0FA43 /* Build configuration list for PBXNativeTarget "Peek-a-BooTests" */;
			buildPhases = (
				45ADAFB11940F33E00D0FA43 /* Sources */,
				45ADAFB21940F33E00D0FA43 /* Frameworks */,
				45ADAFB31940F33E00D0FA43 /* Resources */,
			);
			buildRules = (
			);
			dependencies = (
				45ADAFBC1940F33E00D0FA43 /* PBXTargetDependency */,
			);
			name = "Peek-a-BooTests";
			productName = "Peek-a-BooTests";
			productReference = 45ADAFB51940F33E00D0FA43 /* Peek-a-BooTests.xctest */;
			productType = "com.apple.product-type.bundle.unit-test";
		};
/* End PBXNativeTarget section */

/* Begin PBXProject section */
		45ADAF841940F33E00D0FA43 /* Project object */ = {
			isa = PBXProject;
			attributes = {
				LastUpgradeCheck = 0510;
				ORGANIZATIONNAME = "Orten, Thomas";
				TargetAttributes = {
					45ADAFB41940F33E00D0FA43 = {
						TestTargetID = 45ADAF8B1940F33E00D0FA43;
					};
				};
			};
			buildConfigurationList = 45ADAF871940F33E00D0FA43 /* Build configuration list for PBXProject "Peek-a-Boo" */;
			compatibilityVersion = "Xcode 3.2";
			developmentRegion = English;
			hasScannedForEncodings = 0;
			knownRegions = (
				en,
				Base,
			);
			mainGroup = 45ADAF831940F33E00D0FA43;
			productRefGroup = 45ADAF8D1940F33E00D0FA43 /* Products */;
			projectDirPath = "";
			projectRoot = "";
			targets = (
				45ADAF8B1940F33E00D0FA43 /* Peek-a-Boo */,
				45ADAFB41940F33E00D0FA43 /* Peek-a-BooTests */,
			);
		};
/* End PBXProject section */

/* Begin PBXResourcesBuildPhase section */
		45ADAF8A1940F33E00D0FA43 /* Resources */ = {
			isa = PBXResourcesBuildPhase;
			buildActionMask = 2147483647;
			files = (
				45ADAFB01940F33E00D0FA43 /* Images.xcassets in Resources */,
				45ADAF9C1940F33E00D0FA43 /* InfoPlist.strings in Resources */,
				45ADAFA51940F33E00D0FA43 /* Main.storyboard in Resources */,
			);
			runOnlyForDeploymentPostprocessing = 0;
		};
		45ADAFB31940F33E00D0FA43 /* Resources */ = {
			isa = PBXResourcesBuildPhase;
			buildActionMask = 2147483647;
			files = (
				45ADAFC21940F33E00D0FA43 /* InfoPlist.strings in Resources */,
			);
			runOnlyForDeploymentPostprocessing = 0;
		};
/* End PBXResourcesBuildPhase section */

/* Begin PBXSourcesBuildPhase section */
		45ADAF881940F33E00D0FA43 /* Sources */ = {
			isa = PBXSourcesBuildPhase;
			buildActionMask = 2147483647;
			files = (
				45ADAFAB1940F33E00D0FA43 /* MasterViewController.m in Sources */,
				45ADAFD81940FA9300D0FA43 /* User.m in Sources */,
				45ADAFA21940F33E00D0FA43 /* AppDelegate.m in Sources */,
				45ADAF9E1940F33E00D0FA43 /* main.m in Sources */,
				45ADAFD21940F56B00D0FA43 /* ImageCollectionViewCell.m in Sources */,
				45ADAFA81940F33E00D0FA43 /* Peek_a_Boo.xcdatamodeld in Sources */,
				45ADAFD51940F73F00D0FA43 /* AddUserViewController.m in Sources */,
			);
			runOnlyForDeploymentPostprocessing = 0;
		};
		45ADAFB11940F33E00D0FA43 /* Sources */ = {
			isa = PBXSourcesBuildPhase;
			buildActionMask = 2147483647;
			files = (
				45ADAFC41940F33E00D0FA43 /* Peek_a_BooTests.m in Sources */,
			);
			runOnlyForDeploymentPostprocessing = 0;
		};
/* End PBXSourcesBuildPhase section */

/* Begin PBXTargetDependency section */
		45ADAFBC1940F33E00D0FA43 /* PBXTargetDependency */ = {
			isa = PBXTargetDependency;
			target = 45ADAF8B1940F33E00D0FA43 /* Peek-a-Boo */;
			targetProxy = 45ADAFBB1940F33E00D0FA43 /* PBXContainerItemProxy */;
		};
/* End PBXTargetDependency section */

/* Begin PBXVariantGroup section */
		45ADAF9A1940F33E00D0FA43 /* InfoPlist.strings */ = {
			isa = PBXVariantGroup;
			children = (
				45ADAF9B1940F33E00D0FA43 /* en */,
			);
			name = InfoPlist.strings;
			sourceTree = "<group>";
		};
		45ADAFA31940F33E00D0FA43 /* Main.storyboard */ = {
			isa = PBXVariantGroup;
			children = (
				45ADAFA41940F33E00D0FA43 /* Base */,
			);
			name = Main.storyboard;
			sourceTree = "<group>";
		};
		45ADAFC01940F33E00D0FA43 /* InfoPlist.strings */ = {
			isa = PBXVariantGroup;
			children = (
				45ADAFC11940F33E00D0FA43 /* en */,
			);
			name = InfoPlist.strings;
			sourceTree = "<group>";
		};
/* End PBXVariantGroup section */

/* Begin XCBuildConfiguration section */
		45ADAFC51940F33E00D0FA43 /* Debug */ = {
			isa = XCBuildConfiguration;
			buildSettings = {
				ALWAYS_SEARCH_USER_PATHS = NO;
				CLANG_CXX_LANGUAGE_STANDARD = "gnu++0x";
				CLANG_CXX_LIBRARY = "libc++";
				CLANG_ENABLE_MODULES = YES;
				CLANG_ENABLE_OBJC_ARC = YES;
				CLANG_WARN_BOOL_CONVERSION = YES;
				CLANG_WARN_CONSTANT_CONVERSION = YES;
				CLANG_WARN_DIRECT_OBJC_ISA_USAGE = YES_ERROR;
				CLANG_WARN_EMPTY_BODY = YES;
				CLANG_WARN_ENUM_CONVERSION = YES;
				CLANG_WARN_INT_CONVERSION = YES;
				CLANG_WARN_OBJC_ROOT_CLASS = YES_ERROR;
				CLANG_WARN__DUPLICATE_METHOD_MATCH = YES;
				"CODE_SIGN_IDENTITY[sdk=iphoneos*]" = "iPhone Developer";
				COPY_PHASE_STRIP = NO;
				GCC_C_LANGUAGE_STANDARD = gnu99;
				GCC_DYNAMIC_NO_PIC = NO;
				GCC_OPTIMIZATION_LEVEL = 0;
				GCC_PREPROCESSOR_DEFINITIONS = (
					"DEBUG=1",
					"$(inherited)",
				);
				GCC_SYMBOLS_PRIVATE_EXTERN = NO;
				GCC_WARN_64_TO_32_BIT_CONVERSION = YES;
				GCC_WARN_ABOUT_RETURN_TYPE = YES_ERROR;
				GCC_WARN_UNDECLARED_SELECTOR = YES;
				GCC_WARN_UNINITIALIZED_AUTOS = YES_AGGRESSIVE;
				GCC_WARN_UNUSED_FUNCTION = YES;
				GCC_WARN_UNUSED_VARIABLE = YES;
				IPHONEOS_DEPLOYMENT_TARGET = 7.1;
				ONLY_ACTIVE_ARCH = YES;
				SDKROOT = iphoneos;
			};
			name = Debug;
		};
		45ADAFC61940F33E00D0FA43 /* Release */ = {
			isa = XCBuildConfiguration;
			buildSettings = {
				ALWAYS_SEARCH_USER_PATHS = NO;
				CLANG_CXX_LANGUAGE_STANDARD = "gnu++0x";
				CLANG_CXX_LIBRARY = "libc++";
				CLANG_ENABLE_MODULES = YES;
				CLANG_ENABLE_OBJC_ARC = YES;
				CLANG_WARN_BOOL_CONVERSION = YES;
				CLANG_WARN_CONSTANT_CONVERSION = YES;
				CLANG_WARN_DIRECT_OBJC_ISA_USAGE = YES_ERROR;
				CLANG_WARN_EMPTY_BODY = YES;
				CLANG_WARN_ENUM_CONVERSION = YES;
				CLANG_WARN_INT_CONVERSION = YES;
				CLANG_WARN_OBJC_ROOT_CLASS = YES_ERROR;
				CLANG_WARN__DUPLICATE_METHOD_MATCH = YES;
				"CODE_SIGN_IDENTITY[sdk=iphoneos*]" = "iPhone Developer";
				COPY_PHASE_STRIP = YES;
				ENABLE_NS_ASSERTIONS = NO;
				GCC_C_LANGUAGE_STANDARD = gnu99;
				GCC_WARN_64_TO_32_BIT_CONVERSION = YES;
				GCC_WARN_ABOUT_RETURN_TYPE = YES_ERROR;
				GCC_WARN_UNDECLARED_SELECTOR = YES;
				GCC_WARN_UNINITIALIZED_AUTOS = YES_AGGRESSIVE;
				GCC_WARN_UNUSED_FUNCTION = YES;
				GCC_WARN_UNUSED_VARIABLE = YES;
				IPHONEOS_DEPLOYMENT_TARGET = 7.1;
				SDKROOT = iphoneos;
				VALIDATE_PRODUCT = YES;
			};
			name = Release;
		};
		45ADAFC81940F33E00D0FA43 /* Debug */ = {
			isa = XCBuildConfiguration;
			buildSettings = {
				ASSETCATALOG_COMPILER_APPICON_NAME = AppIcon;
				ASSETCATALOG_COMPILER_LAUNCHIMAGE_NAME = LaunchImage;
				GCC_PRECOMPILE_PREFIX_HEADER = YES;
				GCC_PREFIX_HEADER = "Peek-a-Boo/Peek-a-Boo-Prefix.pch";
				INFOPLIST_FILE = "Peek-a-Boo/Peek-a-Boo-Info.plist";
				PRODUCT_NAME = "$(TARGET_NAME)";
				WRAPPER_EXTENSION = app;
			};
			name = Debug;
		};
		45ADAFC91940F33E00D0FA43 /* Release */ = {
			isa = XCBuildConfiguration;
			buildSettings = {
				ASSETCATALOG_COMPILER_APPICON_NAME = AppIcon;
				ASSETCATALOG_COMPILER_LAUNCHIMAGE_NAME = LaunchImage;
				GCC_PRECOMPILE_PREFIX_HEADER = YES;
				GCC_PREFIX_HEADER = "Peek-a-Boo/Peek-a-Boo-Prefix.pch";
				INFOPLIST_FILE = "Peek-a-Boo/Peek-a-Boo-Info.plist";
				PRODUCT_NAME = "$(TARGET_NAME)";
				WRAPPER_EXTENSION = app;
			};
			name = Release;
		};
		45ADAFCB1940F33E00D0FA43 /* Debug */ = {
			isa = XCBuildConfiguration;
			buildSettings = {
				BUNDLE_LOADER = "$(BUILT_PRODUCTS_DIR)/Peek-a-Boo.app/Peek-a-Boo";
				FRAMEWORK_SEARCH_PATHS = (
					"$(SDKROOT)/Developer/Library/Frameworks",
					"$(inherited)",
					"$(DEVELOPER_FRAMEWORKS_DIR)",
				);
				GCC_PRECOMPILE_PREFIX_HEADER = YES;
				GCC_PREFIX_HEADER = "Peek-a-Boo/Peek-a-Boo-Prefix.pch";
				GCC_PREPROCESSOR_DEFINITIONS = (
					"DEBUG=1",
					"$(inherited)",
				);
				INFOPLIST_FILE = "Peek-a-BooTests/Peek-a-BooTests-Info.plist";
				PRODUCT_NAME = "$(TARGET_NAME)";
				TEST_HOST = "$(BUNDLE_LOADER)";
				WRAPPER_EXTENSION = xctest;
			};
			name = Debug;
		};
		45ADAFCC1940F33E00D0FA43 /* Release */ = {
			isa = XCBuildConfiguration;
			buildSettings = {
				BUNDLE_LOADER = "$(BUILT_PRODUCTS_DIR)/Peek-a-Boo.app/Peek-a-Boo";
				FRAMEWORK_SEARCH_PATHS = (
					"$(SDKROOT)/Developer/Library/Frameworks",
					"$(inherited)",
					"$(DEVELOPER_FRAMEWORKS_DIR)",
				);
				GCC_PRECOMPILE_PREFIX_HEADER = YES;
				GCC_PREFIX_HEADER = "Peek-a-Boo/Peek-a-Boo-Prefix.pch";
				INFOPLIST_FILE = "Peek-a-BooTests/Peek-a-BooTests-Info.plist";
				PRODUCT_NAME = "$(TARGET_NAME)";
				TEST_HOST = "$(BUNDLE_LOADER)";
				WRAPPER_EXTENSION = xctest;
			};
			name = Release;
		};
/* End XCBuildConfiguration section */

/* Begin XCConfigurationList section */
		45ADAF871940F33E00D0FA43 /* Build configuration list for PBXProject "Peek-a-Boo" */ = {
			isa = XCConfigurationList;
			buildConfigurations = (
				45ADAFC51940F33E00D0FA43 /* Debug */,
				45ADAFC61940F33E00D0FA43 /* Release */,
			);
			defaultConfigurationIsVisible = 0;
			defaultConfigurationName = Release;
		};
		45ADAFC71940F33E00D0FA43 /* Build configuration list for PBXNativeTarget "Peek-a-Boo" */ = {
			isa = XCConfigurationList;
			buildConfigurations = (
				45ADAFC81940F33E00D0FA43 /* Debug */,
				45ADAFC91940F33E00D0FA43 /* Release */,
			);
			defaultConfigurationIsVisible = 0;
		};
		45ADAFCA1940F33E00D0FA43 /* Build configuration list for PBXNativeTarget "Peek-a-BooTests" */ = {
			isa = XCConfigurationList;
			buildConfigurations = (
				45ADAFCB1940F33E00D0FA43 /* Debug */,
				45ADAFCC1940F33E00D0FA43 /* Release */,
			);
			defaultConfigurationIsVisible = 0;
		};
/* End XCConfigurationList section */

/* Begin XCVersionGroup section */
		45ADAFA61940F33E00D0FA43 /* Peek_a_Boo.xcdatamodeld */ = {
			isa = XCVersionGroup;
			children = (
				45ADAFA71940F33E00D0FA43 /* Peek_a_Boo.xcdatamodel */,
			);
			currentVersion = 45ADAFA71940F33E00D0FA43 /* Peek_a_Boo.xcdatamodel */;
			path = Peek_a_Boo.xcdatamodeld;
			sourceTree = "<group>";
			versionGroupType = wrapper.xcdatamodel;
		};
/* End XCVersionGroup section */
	};
	rootObject = 45ADAF841940F33E00D0FA43 /* Project object */;
}
